
Microsoft Visual Studio Solution File, Format Version 12.00
# Visual Studio Version 17
VisualStudioVersion = 17.4.33213.308
MinimumVisualStudioVersion = 10.0.40219.1
Project("{8BC9CEB8-8B4A-11D0-8D11-00A0C91BC942}") = "_Deadlock", "_Deadlock.vcxproj", "{7846E357-65C5-404F-83D8-F5F372DBA918}"
EndProject
Global
	GlobalSection(SolutionConfigurationPlatforms) = preSolution
		Debug|x64 = Debug|x64
		Debug|x86 = Debug|x86
		Release|x64 = Release|x64
		Release|x86 = Release|x86
	EndGlobalSection
	GlobalSection(ProjectConfigurationPlatforms) = postSolution
		{7846E357-65C5-404F-83D8-F5F372DBA918}.Debug|x64.ActiveCfg = Debug|x64
		{7846E357-65C5-404F-83D8-F5F372DBA918}.Debug|x64.Build.0 = Debug|x64
		{7846E357-65C5-404F-83D8-F5F372DBA918}.Debug|x86.ActiveCfg = Debug|Win32
		{7846E357-65C5-404F-83D8-F5F372DBA918}.Debug|x86.Build.0 = Debug|Win32
		{7846E357-65C5-404F-83D8-F5F372DBA918}.Release|x64.ActiveCfg = Release|x64
		{7846E357-65C5-404F-83D8-F5F372DBA918}.Release|x64.Build.0 = Release|x64
		{7846E357-65C5-404F-83D8-F5F372DBA918}.Release|x86.ActiveCfg = Release|Win32
		{7846E357-65C5-404F-83D8-F5F372DBA918}.Release|x86.Build.0 = Release|Win32
	EndGlobalSection
	GlobalSection(SolutionProperties) = preSolution
		HideSolutionNode = FALSE
	EndGlobalSection
	GlobalSection(ExtensibilityGlobals) = postSolution
		SolutionGuid = {13324BDA-6A41-4337-A15E-0245F925D7A6}
	EndGlobalSection
EndGlobal
